<?xml version="1.0" encoding="utf-8"?>
<Project ToolsVersion="4.0" xmlns="http://schemas.microsoft.com/developer/msbuild/2003">
  <ItemGroup>
    <Filter Include="Source Files">
      <UniqueIdentifier>{4FC737F1-C7A5-4376-A066-2A32D752A2FF}</UniqueIdentifier>
      <Extensions>cpp;c;cc;cxx;def;odl;idl;hpj;bat;asm;asmx</Extensions>
    </Filter>
    <Filter Include="Header Files">
      <UniqueIdentifier>{93995380-89BD-4b04-88EB-625FBE52EBFB}</UniqueIdentifier>
      <Extensions>h;hh;hpp;hxx;hm;inl;inc;xsd</Extensions>
    </Filter>
    <Filter Include="Resource Files">
      <UniqueIdentifier>{67DA6AB6-F800-4c08-8B7A-83BB121AAD01}</UniqueIdentifier>
      <Extensions>rc;ico;cur;bmp;dlg;rc2;rct;bin;rgs;gif;jpg;jpeg;jpe;resx;tiff;tif;png;wav;mfcribbon-ms</Extensions>
    </Filter>
    <Filter Include="uv">
      <UniqueIdentifier>{ee68f153-7aeb-414c-846c-5feccd664827}</UniqueIdentifier>
    </Filter>
  </ItemGroup>
  <ItemGroup>
    <Text Include="ReadMe.txt" />
  </ItemGroup>
  <ItemGroup>
    <ClInclude Include="stdafx.h">
      <Filter>Header Files</Filter>
    </ClInclude>
    <ClInclude Include="targetver.h">
      <Filter>Header Files</Filter>
    </ClInclude>
    <ClInclude Include="Resource.h">
      <Filter>Header Files</Filter>
    </ClInclude>
    <ClInclude Include="Win32Project1.h">
      <Filter>Header Files</Filter>
    </ClInclude>
    <ClInclude Include="Point2D.h">
      <Filter>Header Files</Filter>
    </ClInclude>
    <ClInclude Include="Object2D.h">
      <Filter>Header Files</Filter>
    </ClInclude>
    <ClInclude Include="Obj2D_Polyline.h">
      <Filter>Header Files</Filter>
    </ClInclude>
    <ClInclude Include="BINBuffer.h">
      <Filter>Header Files</Filter>
    </ClInclude>
    <ClInclude Include="FileManager_BIN.h">
      <Filter>Header Files</Filter>
    </ClInclude>
    <ClInclude Include="FileManager_ASCII.h">
      <Filter>Header Files</Filter>
    </ClInclude>
    <ClInclude Include="UV_string.h">
      <Filter>Header Files</Filter>
    </ClInclude>
    <ClInclude Include="uv\UV_UtilString.h">
      <Filter>uv</Filter>
    </ClInclude>
    <ClInclude Include="uv\UV_XMLTag.h">
      <Filter>uv</Filter>
    </ClInclude>
    <ClInclude Include="uv\ASCIIManager.h">
      <Filter>uv</Filter>
    </ClInclude>
    <ClInclude Include="uv\stdstring.h">
      <Filter>uv</Filter>
    </ClInclude>
    <ClInclude Include="uv\inclusioni_UV.h">
      <Filter>uv</Filter>
    </ClInclude>
    <ClInclude Include="inclusioni.h">
      <Filter>Header Files</Filter>
    </ClInclude>
    <ClInclude Include="uv\MiraCounter.h">
      <Filter>uv</Filter>
    </ClInclude>
    <ClInclude Include="MyString.h">
      <Filter>Header Files</Filter>
    </ClInclude>
  </ItemGroup>
  <ItemGroup>
    <ClCompile Include="stdafx.cpp">
      <Filter>Source Files</Filter>
    </ClCompile>
    <ClCompile Include="Win32Project1.cpp">
      <Filter>Source Files</Filter>
    </ClCompile>
    <ClCompile Include="Point2D.cpp">
      <Filter>Source Files</Filter>
    </ClCompile>
    <ClCompile Include="Object2D.cpp">
      <Filter>Source Files</Filter>
    </ClCompile>
    <ClCompile Include="Obj2D_Polyline.cpp">
      <Filter>Source Files</Filter>
    </ClCompile>
    <ClCompile Include="BINBuffer.cpp">
      <Filter>Source Files</Filter>
    </ClCompile>
    <ClCompile Include="FileManager_ASCII.cpp">
      <Filter>Source Files</Filter>
    </ClCompile>
    <ClCompile Include="FileManager_BIN.cpp">
      <Filter>Source Files</Filter>
    </ClCompile>
    <ClCompile Include="UV_string.cpp">
      <Filter>Source Files</Filter>
    </ClCompile>
    <ClCompile Include="uv\UV_UtilString.cpp">
      <Filter>uv</Filter>
    </ClCompile>
    <ClCompile Include="uv\UV_XMLTag.cpp">
      <Filter>uv</Filter>
    </ClCompile>
    <ClCompile Include="uv\ASCIIManager.cpp">
      <Filter>uv</Filter>
    </ClCompile>
    <ClCompile Include="uv\MiraCounter.cpp">
      <Filter>uv</Filter>
    </ClCompile>
    <ClCompile Include="MyString.cpp">
      <Filter>Source Files</Filter>
    </ClCompile>
  </ItemGroup>
  <ItemGroup>
    <ResourceCompile Include="Win32Project1.rc">
      <Filter>Resource Files</Filter>
    </ResourceCompile>
  </ItemGroup>
  <ItemGroup>
    <Image Include="small.ico">
      <Filter>Resource Files</Filter>
    </Image>
    <Image Include="Win32Project1.ico">
      <Filter>Resource Files</Filter>
    </Image>
  </ItemGroup>
</Project>